// !$*UTF8*$!
{
	archiveVersion = 1;
	classes = {
	};
	objectVersion = 55;
	objects = {

/* Begin PBXBuildFile section */
		6CB30073280B4FCE005985E2 /* AppDelegate.swift in Sources */ = {isa = PBXBuildFile; fileRef = 6CB30072280B4FCE005985E2 /* AppDelegate.swift */; };
		6CB30075280B4FCE005985E2 /* SceneDelegate.swift in Sources */ = {isa = PBXBuildFile; fileRef = 6CB30074280B4FCE005985E2 /* SceneDelegate.swift */; };
		6CB3007C280B4FCF005985E2 /* Assets.xcassets in Resources */ = {isa = PBXBuildFile; fileRef = 6CB3007B280B4FCF005985E2 /* Assets.xcassets */; };
		6CB3007F280B4FCF005985E2 /* LaunchScreen.storyboard in Resources */ = {isa = PBXBuildFile; fileRef = 6CB3007D280B4FCF005985E2 /* LaunchScreen.storyboard */; };
		6CB30092280B5076005985E2 /* MainScreenAssembly.swift in Sources */ = {isa = PBXBuildFile; fileRef = 6CB30089280B5076005985E2 /* MainScreenAssembly.swift */; };
		6CB30093280B5076005985E2 /* MainScreenViewController.swift in Sources */ = {isa = PBXBuildFile; fileRef = 6CB3008B280B5076005985E2 /* MainScreenViewController.swift */; };
		6CB30094280B5076005985E2 /* MainScreenView.swift in Sources */ = {isa = PBXBuildFile; fileRef = 6CB3008D280B5076005985E2 /* MainScreenView.swift */; };
		6CB30095280B5076005985E2 /* MainScreenInteractor.swift in Sources */ = {isa = PBXBuildFile; fileRef = 6CB3008F280B5076005985E2 /* MainScreenInteractor.swift */; };
		6CB30096280B5076005985E2 /* MainScreenFactory.swift in Sources */ = {isa = PBXBuildFile; fileRef = 6CB30091280B5076005985E2 /* MainScreenFactory.swift */; };
		6CB30099280B50D6005985E2 /* NetworkingManager.swift in Sources */ = {isa = PBXBuildFile; fileRef = 6CB30098280B50D6005985E2 /* NetworkingManager.swift */; };
		6CB3009B280B5319005985E2 /* NetworkRequest.swift in Sources */ = {isa = PBXBuildFile; fileRef = 6CB3009A280B5319005985E2 /* NetworkRequest.swift */; };
		6CB3009E280B56CB005985E2 /* NewsModel.swift in Sources */ = {isa = PBXBuildFile; fileRef = 6CB3009D280B56CB005985E2 /* NewsModel.swift */; };
		6CB300A0280B570D005985E2 /* CodableResultMapper.swift in Sources */ = {isa = PBXBuildFile; fileRef = 6CB3009F280B570D005985E2 /* CodableResultMapper.swift */; };
/* End PBXBuildFile section */

/* Begin PBXFileReference section */
		6CB3006F280B4FCE005985E2 /* SimpleNetworkingSimple.app */ = {isa = PBXFileReference; explicitFileType = wrapper.application; includeInIndex = 0; path = SimpleNetworkingSimple.app; sourceTree = BUILT_PRODUCTS_DIR; };
		6CB30072280B4FCE005985E2 /* AppDelegate.swift */ = {isa = PBXFileReference; lastKnownFileType = sourcecode.swift; path = AppDelegate.swift; sourceTree = "<group>"; };
		6CB30074280B4FCE005985E2 /* SceneDelegate.swift */ = {isa = PBXFileReference; lastKnownFileType = sourcecode.swift; path = SceneDelegate.swift; sourceTree = "<group>"; };
		6CB3007B280B4FCF005985E2 /* Assets.xcassets */ = {isa = PBXFileReference; lastKnownFileType = folder.assetcatalog; path = Assets.xcassets; sourceTree = "<group>"; };
		6CB3007E280B4FCF005985E2 /* Base */ = {isa = PBXFileReference; lastKnownFileType = file.storyboard; name = Base; path = Base.lproj/LaunchScreen.storyboard; sourceTree = "<group>"; };
		6CB30080280B4FCF005985E2 /* Info.plist */ = {isa = PBXFileReference; lastKnownFileType = text.plist.xml; path = Info.plist; sourceTree = "<group>"; };
		6CB30089280B5076005985E2 /* MainScreenAssembly.swift */ = {isa = PBXFileReference; fileEncoding = 4; lastKnownFileType = sourcecode.swift; path = MainScreenAssembly.swift; sourceTree = "<group>"; };
		6CB3008B280B5076005985E2 /* MainScreenViewController.swift */ = {isa = PBXFileReference; fileEncoding = 4; lastKnownFileType = sourcecode.swift; path = MainScreenViewController.swift; sourceTree = "<group>"; };
		6CB3008D280B5076005985E2 /* MainScreenView.swift */ = {isa = PBXFileReference; fileEncoding = 4; lastKnownFileType = sourcecode.swift; path = MainScreenView.swift; sourceTree = "<group>"; };
		6CB3008F280B5076005985E2 /* MainScreenInteractor.swift */ = {isa = PBXFileReference; fileEncoding = 4; lastKnownFileType = sourcecode.swift; path = MainScreenInteractor.swift; sourceTree = "<group>"; };
		6CB30091280B5076005985E2 /* MainScreenFactory.swift */ = {isa = PBXFileReference; fileEncoding = 4; lastKnownFileType = sourcecode.swift; path = MainScreenFactory.swift; sourceTree = "<group>"; };
		6CB30098280B50D6005985E2 /* NetworkingManager.swift */ = {isa = PBXFileReference; lastKnownFileType = sourcecode.swift; path = NetworkingManager.swift; sourceTree = "<group>"; };
		6CB3009A280B5319005985E2 /* NetworkRequest.swift */ = {isa = PBXFileReference; lastKnownFileType = sourcecode.swift; path = NetworkRequest.swift; sourceTree = "<group>"; };
		6CB3009D280B56CB005985E2 /* NewsModel.swift */ = {isa = PBXFileReference; lastKnownFileType = sourcecode.swift; path = NewsModel.swift; sourceTree = "<group>"; };
		6CB3009F280B570D005985E2 /* CodableResultMapper.swift */ = {isa = PBXFileReference; lastKnownFileType = sourcecode.swift; path = CodableResultMapper.swift; sourceTree = "<group>"; };
/* End PBXFileReference section */

/* Begin PBXFrameworksBuildPhase section */
		6CB3006C280B4FCE005985E2 /* Frameworks */ = {
			isa = PBXFrameworksBuildPhase;
			buildActionMask = 2147483647;
			files = (
			);
			runOnlyForDeploymentPostprocessing = 0;
		};
/* End PBXFrameworksBuildPhase section */

/* Begin PBXGroup section */
		6CB30066280B4FCE005985E2 = {
			isa = PBXGroup;
			children = (
				6CB30071280B4FCE005985E2 /* SimpleNetworkingSimple */,
				6CB30070280B4FCE005985E2 /* Products */,
			);
			sourceTree = "<group>";
		};
		6CB30070280B4FCE005985E2 /* Products */ = {
			isa = PBXGroup;
			children = (
				6CB3006F280B4FCE005985E2 /* SimpleNetworkingSimple.app */,
			);
			name = Products;
			sourceTree = "<group>";
		};
		6CB30071280B4FCE005985E2 /* SimpleNetworkingSimple */ = {
			isa = PBXGroup;
			children = (
				6CB30097280B50C6005985E2 /* Networking */,
				6CB30087280B5076005985E2 /* MainScreen */,
				6CB30086280B4FE4005985E2 /* System */,
			);
			path = SimpleNetworkingSimple;
			sourceTree = "<group>";
		};
		6CB30086280B4FE4005985E2 /* System */ = {
			isa = PBXGroup;
			children = (
				6CB30072280B4FCE005985E2 /* AppDelegate.swift */,
				6CB30074280B4FCE005985E2 /* SceneDelegate.swift */,
				6CB3007B280B4FCF005985E2 /* Assets.xcassets */,
				6CB3007D280B4FCF005985E2 /* LaunchScreen.storyboard */,
				6CB30080280B4FCF005985E2 /* Info.plist */,
			);
			path = System;
			sourceTree = "<group>";
		};
		6CB30087280B5076005985E2 /* MainScreen */ = {
			isa = PBXGroup;
			children = (
				6CB30088280B5076005985E2 /* Assembly */,
				6CB3008A280B5076005985E2 /* Presenter */,
				6CB3008C280B5076005985E2 /* View */,
				6CB3008E280B5076005985E2 /* Interactor */,
				6CB30090280B5076005985E2 /* Factory */,
			);
			path = MainScreen;
			sourceTree = "<group>";
		};
		6CB30088280B5076005985E2 /* Assembly */ = {
			isa = PBXGroup;
			children = (
				6CB30089280B5076005985E2 /* MainScreenAssembly.swift */,
			);
			path = Assembly;
			sourceTree = "<group>";
		};
		6CB3008A280B5076005985E2 /* Presenter */ = {
			isa = PBXGroup;
			children = (
				6CB3009C280B56AA005985E2 /* Models */,
				6CB3008B280B5076005985E2 /* MainScreenViewController.swift */,
			);
			path = Presenter;
			sourceTree = "<group>";
		};
		6CB3008C280B5076005985E2 /* View */ = {
			isa = PBXGroup;
			children = (
				6CB3008D280B5076005985E2 /* MainScreenView.swift */,
			);
			path = View;
			sourceTree = "<group>";
		};
		6CB3008E280B5076005985E2 /* Interactor */ = {
			isa = PBXGroup;
			children = (
				6CB3008F280B5076005985E2 /* MainScreenInteractor.swift */,
			);
			path = Interactor;
			sourceTree = "<group>";
		};
		6CB30090280B5076005985E2 /* Factory */ = {
			isa = PBXGroup;
			children = (
				6CB30091280B5076005985E2 /* MainScreenFactory.swift */,
			);
			path = Factory;
			sourceTree = "<group>";
		};
		6CB30097280B50C6005985E2 /* Networking */ = {
			isa = PBXGroup;
			children = (
				6CB30098280B50D6005985E2 /* NetworkingManager.swift */,
				6CB3009A280B5319005985E2 /* NetworkRequest.swift */,
				6CB3009F280B570D005985E2 /* CodableResultMapper.swift */,
			);
			path = Networking;
			sourceTree = "<group>";
		};
		6CB3009C280B56AA005985E2 /* Models */ = {
			isa = PBXGroup;
			children = (
				6CB3009D280B56CB005985E2 /* NewsModel.swift */,
			);
			path = Models;
			sourceTree = "<group>";
		};
/* End PBXGroup section */

/* Begin PBXNativeTarget section */
		6CB3006E280B4FCE005985E2 /* SimpleNetworkingSimple */ = {
			isa = PBXNativeTarget;
			buildConfigurationList = 6CB30083280B4FCF005985E2 /* Build configuration list for PBXNativeTarget "SimpleNetworkingSimple" */;
			buildPhases = (
				6CB3006B280B4FCE005985E2 /* Sources */,
				6CB3006C280B4FCE005985E2 /* Frameworks */,
				6CB3006D280B4FCE005985E2 /* Resources */,
			);
			buildRules = (
			);
			dependencies = (
			);
			name = SimpleNetworkingSimple;
			productName = SimpleNetworkingSimple;
			productReference = 6CB3006F280B4FCE005985E2 /* SimpleNetworkingSimple.app */;
			productType = "com.apple.product-type.application";
		};
/* End PBXNativeTarget section */

/* Begin PBXProject section */
		6CB30067280B4FCE005985E2 /* Project object */ = {
			isa = PBXProject;
			attributes = {
				BuildIndependentTargetsInParallel = 1;
				LastSwiftUpdateCheck = 1330;
				LastUpgradeCheck = 1330;
				TargetAttributes = {
					6CB3006E280B4FCE005985E2 = {
						CreatedOnToolsVersion = 13.3.1;
					};
				};
			};
			buildConfigurationList = 6CB3006A280B4FCE005985E2 /* Build configuration list for PBXProject "SimpleNetworkingSimple" */;
			compatibilityVersion = "Xcode 13.0";
			developmentRegion = en;
			hasScannedForEncodings = 0;
			knownRegions = (
				en,
				Base,
			);
			mainGroup = 6CB30066280B4FCE005985E2;
			productRefGroup = 6CB30070280B4FCE005985E2 /* Products */;
			projectDirPath = "";
			projectRoot = "";
			targets = (
				6CB3006E280B4FCE005985E2 /* SimpleNetworkingSimple */,
			);
		};
/* End PBXProject section */

/* Begin PBXResourcesBuildPhase section */
		6CB3006D280B4FCE005985E2 /* Resources */ = {
			isa = PBXResourcesBuildPhase;
			buildActionMask = 2147483647;
			files = (
				6CB3007F280B4FCF005985E2 /* LaunchScreen.storyboard in Resources */,
				6CB3007C280B4FCF005985E2 /* Assets.xcassets in Resources */,
			);
			runOnlyForDeploymentPostprocessing = 0;
		};
/* End PBXResourcesBuildPhase section */

/* Begin PBXSourcesBuildPhase section */
		6CB3006B280B4FCE005985E2 /* Sources */ = {
			isa = PBXSourcesBuildPhase;
			buildActionMask = 2147483647;
			files = (
				6CB300A0280B570D005985E2 /* CodableResultMapper.swift in Sources */,
				6CB30073280B4FCE005985E2 /* AppDelegate.swift in Sources */,
				6CB30096280B5076005985E2 /* MainScreenFactory.swift in Sources */,
				6CB30094280B5076005985E2 /* MainScreenView.swift in Sources */,
				6CB30093280B5076005985E2 /* MainScreenViewController.swift in Sources */,
				6CB3009E280B56CB005985E2 /* NewsModel.swift in Sources */,
				6CB30075280B4FCE005985E2 /* SceneDelegate.swift in Sources */,
				6CB30099280B50D6005985E2 /* NetworkingManager.swift in Sources */,
				6CB30092280B5076005985E2 /* MainScreenAssembly.swift in Sources */,
				6CB3009B280B5319005985E2 /* NetworkRequest.swift in Sources */,
				6CB30095280B5076005985E2 /* MainScreenInteractor.swift in Sources */,
			);
			runOnlyForDeploymentPostprocessing = 0;
		};
/* End PBXSourcesBuildPhase section */

/* Begin PBXVariantGroup section */
		6CB3007D280B4FCF005985E2 /* LaunchScreen.storyboard */ = {
			isa = PBXVariantGroup;
			children = (
				6CB3007E280B4FCF005985E2 /* Base */,
			);
			name = LaunchScreen.storyboard;
			sourceTree = "<group>";
		};
/* End PBXVariantGroup section */

/* Begin XCBuildConfiguration section */
		6CB30081280B4FCF005985E2 /* Debug */ = {
			isa = XCBuildConfiguration;
			buildSettings = {
				ALWAYS_SEARCH_USER_PATHS = NO;
				CLANG_ANALYZER_NONNULL = YES;
				CLANG_ANALYZER_NUMBER_OBJECT_CONVERSION = YES_AGGRESSIVE;
				CLANG_CXX_LANGUAGE_STANDARD = "gnu++17";
				CLANG_ENABLE_MODULES = YES;
				CLANG_ENABLE_OBJC_ARC = YES;
				CLANG_ENABLE_OBJC_WEAK = YES;
				CLANG_WARN_BLOCK_CAPTURE_AUTORELEASING = YES;
				CLANG_WARN_BOOL_CONVERSION = YES;
				CLANG_WARN_COMMA = YES;
				CLANG_WARN_CONSTANT_CONVERSION = YES;
				CLANG_WARN_DEPRECATED_OBJC_IMPLEMENTATIONS = YES;
				CLANG_WARN_DIRECT_OBJC_ISA_USAGE = YES_ERROR;
				CLANG_WARN_DOCUMENTATION_COMMENTS = YES;
				CLANG_WARN_EMPTY_BODY = YES;
				CLANG_WARN_ENUM_CONVERSION = YES;
				CLANG_WARN_INFINITE_RECURSION = YES;
				CLANG_WARN_INT_CONVERSION = YES;
				CLANG_WARN_NON_LITERAL_NULL_CONVERSION = YES;
				CLANG_WARN_OBJC_IMPLICIT_RETAIN_SELF = YES;
				CLANG_WARN_OBJC_LITERAL_CONVERSION = YES;
				CLANG_WARN_OBJC_ROOT_CLASS = YES_ERROR;
				CLANG_WARN_QUOTED_INCLUDE_IN_FRAMEWORK_HEADER = YES;
				CLANG_WARN_RANGE_LOOP_ANALYSIS = YES;
				CLANG_WARN_STRICT_PROTOTYPES = YES;
				CLANG_WARN_SUSPICIOUS_MOVE = YES;
				CLANG_WARN_UNGUARDED_AVAILABILITY = YES_AGGRESSIVE;
				CLANG_WARN_UNREACHABLE_CODE = YES;
				CLANG_WARN__DUPLICATE_METHOD_MATCH = YES;
				COPY_PHASE_STRIP = NO;
				DEBUG_INFORMATION_FORMAT = dwarf;
				ENABLE_STRICT_OBJC_MSGSEND = YES;
				ENABLE_TESTABILITY = YES;
				GCC_C_LANGUAGE_STANDARD = gnu11;
				GCC_DYNAMIC_NO_PIC = NO;
				GCC_NO_COMMON_BLOCKS = YES;
				GCC_OPTIMIZATION_LEVEL = 0;
				GCC_PREPROCESSOR_DEFINITIONS = (
					"DEBUG=1",
					"$(inherited)",
				);
				GCC_WARN_64_TO_32_BIT_CONVERSION = YES;
				GCC_WARN_ABOUT_RETURN_TYPE = YES_ERROR;
				GCC_WARN_UNDECLARED_SELECTOR = YES;
				GCC_WARN_UNINITIALIZED_AUTOS = YES_AGGRESSIVE;
				GCC_WARN_UNUSED_FUNCTION = YES;
				GCC_WARN_UNUSED_VARIABLE = YES;
				IPHONEOS_DEPLOYMENT_TARGET = 15.4;
				MTL_ENABLE_DEBUG_INFO = INCLUDE_SOURCE;
				MTL_FAST_MATH = YES;
				ONLY_ACTIVE_ARCH = YES;
				SDKROOT = iphoneos;
				SWIFT_ACTIVE_COMPILATION_CONDITIONS = DEBUG;
				SWIFT_OPTIMIZATION_LEVEL = "-Onone";
			};
			name = Debug;
		};
		6CB30082280B4FCF005985E2 /* Release */ = {
			isa = XCBuildConfiguration;
			buildSettings = {
				ALWAYS_SEARCH_USER_PATHS = NO;
				CLANG_ANALYZER_NONNULL = YES;
				CLANG_ANALYZER_NUMBER_OBJECT_CONVERSION = YES_AGGRESSIVE;
				CLANG_CXX_LANGUAGE_STANDARD = "gnu++17";
				CLANG_ENABLE_MODULES = YES;
				CLANG_ENABLE_OBJC_ARC = YES;
				CLANG_ENABLE_OBJC_WEAK = YES;
				CLANG_WARN_BLOCK_CAPTURE_AUTORELEASING = YES;
				CLANG_WARN_BOOL_CONVERSION = YES;
				CLANG_WARN_COMMA = YES;
				CLANG_WARN_CONSTANT_CONVERSION = YES;
				CLANG_WARN_DEPRECATED_OBJC_IMPLEMENTATIONS = YES;
				CLANG_WARN_DIRECT_OBJC_ISA_USAGE = YES_ERROR;
				CLANG_WARN_DOCUMENTATION_COMMENTS = YES;
				CLANG_WARN_EMPTY_BODY = YES;
				CLANG_WARN_ENUM_CONVERSION = YES;
				CLANG_WARN_INFINITE_RECURSION = YES;
				CLANG_WARN_INT_CONVERSION = YES;
				CLANG_WARN_NON_LITERAL_NULL_CONVERSION = YES;
				CLANG_WARN_OBJC_IMPLICIT_RETAIN_SELF = YES;
				CLANG_WARN_OBJC_LITERAL_CONVERSION = YES;
				CLANG_WARN_OBJC_ROOT_CLASS = YES_ERROR;
				CLANG_WARN_QUOTED_INCLUDE_IN_FRAMEWORK_HEADER = YES;
				CLANG_WARN_RANGE_LOOP_ANALYSIS = YES;
				CLANG_WARN_STRICT_PROTOTYPES = YES;
				CLANG_WARN_SUSPICIOUS_MOVE = YES;
				CLANG_WARN_UNGUARDED_AVAILABILITY = YES_AGGRESSIVE;
				CLANG_WARN_UNREACHABLE_CODE = YES;
				CLANG_WARN__DUPLICATE_METHOD_MATCH = YES;
				COPY_PHASE_STRIP = NO;
				DEBUG_INFORMATION_FORMAT = "dwarf-with-dsym";
				ENABLE_NS_ASSERTIONS = NO;
				ENABLE_STRICT_OBJC_MSGSEND = YES;
				GCC_C_LANGUAGE_STANDARD = gnu11;
				GCC_NO_COMMON_BLOCKS = YES;
				GCC_WARN_64_TO_32_BIT_CONVERSION = YES;
				GCC_WARN_ABOUT_RETURN_TYPE = YES_ERROR;
				GCC_WARN_UNDECLARED_SELECTOR = YES;
				GCC_WARN_UNINITIALIZED_AUTOS = YES_AGGRESSIVE;
				GCC_WARN_UNUSED_FUNCTION = YES;
				GCC_WARN_UNUSED_VARIABLE = YES;
				IPHONEOS_DEPLOYMENT_TARGET = 15.4;
				MTL_ENABLE_DEBUG_INFO = NO;
				MTL_FAST_MATH = YES;
				SDKROOT = iphoneos;
				SWIFT_COMPILATION_MODE = wholemodule;
				SWIFT_OPTIMIZATION_LEVEL = "-O";
				VALIDATE_PRODUCT = YES;
			};
			name = Release;
		};
		6CB30084280B4FCF005985E2 /* Debug */ = {
			isa = XCBuildConfiguration;
			buildSettings = {
				ASSETCATALOG_COMPILER_APPICON_NAME = AppIcon;
				ASSETCATALOG_COMPILER_GLOBAL_ACCENT_COLOR_NAME = AccentColor;
				CODE_SIGN_STYLE = Automatic;
				CURRENT_PROJECT_VERSION = 1;
				DEVELOPMENT_TEAM = 34VDSPZYU9;
				GENERATE_INFOPLIST_FILE = YES;
				INFOPLIST_FILE = SimpleNetworkingSimple/System/Info.plist;
				INFOPLIST_KEY_UIApplicationSupportsIndirectInputEvents = YES;
				INFOPLIST_KEY_UILaunchStoryboardName = LaunchScreen;
				INFOPLIST_KEY_UISupportedInterfaceOrientations_iPad = "UIInterfaceOrientationPortrait UIInterfaceOrientationPortraitUpsideDown UIInterfaceOrientationLandscapeLeft UIInterfaceOrientationLandscapeRight";
				INFOPLIST_KEY_UISupportedInterfaceOrientations_iPhone = "UIInterfaceOrientationPortrait UIInterfaceOrientationLandscapeLeft UIInterfaceOrientationLandscapeRight";
				IPHONEOS_DEPLOYMENT_TARGET = 13.0;
				LD_RUNPATH_SEARCH_PATHS = (
					"$(inherited)",
					"@executable_path/Frameworks",
				);
				MARKETING_VERSION = 1.0;
				PRODUCT_BUNDLE_IDENTIFIER = "Sosina-Tatyana.SimpleNetworkingSimple";
				PRODUCT_NAME = "$(TARGET_NAME)";
				SWIFT_EMIT_LOC_STRINGS = YES;
				SWIFT_VERSION = 5.0;
				TARGETED_DEVICE_FAMILY = 1;
			};
			name = Debug;
		};
		6CB30085280B4FCF005985E2 /* Release */ = {
			isa = XCBuildConfiguration;
			buildSettings = {
				ASSETCATALOG_COMPILER_APPICON_NAME = AppIcon;
				ASSETCATALOG_COMPILER_GLOBAL_ACCENT_COLOR_NAME = AccentColor;
				CODE_SIGN_STYLE = Automatic;
				CURRENT_PROJECT_VERSION = 1;
				DEVELOPMENT_TEAM = 34VDSPZYU9;
				GENERATE_INFOPLIST_FILE = YES;
				INFOPLIST_FILE = SimpleNetworkingSimple/System/Info.plist;
				INFOPLIST_KEY_UIApplicationSupportsIndirectInputEvents = YES;
				INFOPLIST_KEY_UILaunchStoryboardName = LaunchScreen;
				INFOPLIST_KEY_UISupportedInterfaceOrientations_iPad = "UIInterfaceOrientationPortrait UIInterfaceOrientationPortraitUpsideDown UIInterfaceOrientationLandscapeLeft UIInterfaceOrientationLandscapeRight";
				INFOPLIST_KEY_UISupportedInterfaceOrientations_iPhone = "UIInterfaceOrientationPortrait UIInterfaceOrientationLandscapeLeft UIInterfaceOrientationLandscapeRight";
				IPHONEOS_DEPLOYMENT_TARGET = 13.0;
				LD_RUNPATH_SEARCH_PATHS = (
					"$(inherited)",
					"@executable_path/Frameworks",
				);
				MARKETING_VERSION = 1.0;
				PRODUCT_BUNDLE_IDENTIFIER = "Sosina-Tatyana.SimpleNetworkingSimple";
				PRODUCT_NAME = "$(TARGET_NAME)";
				SWIFT_EMIT_LOC_STRINGS = YES;
				SWIFT_VERSION = 5.0;
				TARGETED_DEVICE_FAMILY = 1;
			};
			name = Release;
		};
/* End XCBuildConfiguration section */

/* Begin XCConfigurationList section */
		6CB3006A280B4FCE005985E2 /* Build configuration list for PBXProject "SimpleNetworkingSimple" */ = {
			isa = XCConfigurationList;
			buildConfigurations = (
				6CB30081280B4FCF005985E2 /* Debug */,
				6CB30082280B4FCF005985E2 /* Release */,
			);
			defaultConfigurationIsVisible = 0;
			defaultConfigurationName = Release;
		};
		6CB30083280B4FCF005985E2 /* Build configuration list for PBXNativeTarget "SimpleNetworkingSimple" */ = {
			isa = XCConfigurationList;
			buildConfigurations = (
				6CB30084280B4FCF005985E2 /* Debug */,
				6CB30085280B4FCF005985E2 /* Release */,
			);
			defaultConfigurationIsVisible = 0;
			defaultConfigurationName = Release;
		};
/* End XCConfigurationList section */
	};
	rootObject = 6CB30067280B4FCE005985E2 /* Project object */;
}
